
Microsoft Visual Studio Solution File, Format Version 12.00
# Visual Studio 15
VisualStudioVersion = 15.0.28010.2046
MinimumVisualStudioVersion = 10.0.40219.1
Project("{FAE04EC0-301F-11D3-BF4B-00C04F79EFBC}") = "Interpreter", "Interpreter.csproj", "{2EAD7FEC-A53C-41BA-A66D-2BE64EDFAF89}"
EndProject
Project("{FAE04EC0-301F-11D3-BF4B-00C04F79EFBC}") = "InterpreterTests", "..\InterpreterTests\InterpreterTests.csproj", "{F1D9CEEA-3ABD-41D1-9F5C-3DCC27830F0F}"
EndProject
Global
	GlobalSection(SolutionConfigurationPlatforms) = preSolution
		Debug|Any CPU = Debug|Any CPU
		Release|Any CPU = Release|Any CPU
	EndGlobalSection
	GlobalSection(ProjectConfigurationPlatforms) = postSolution
		{2EAD7FEC-A53C-41BA-A66D-2BE64EDFAF89}.Debug|Any CPU.ActiveCfg = Debug|Any CPU
		{2EAD7FEC-A53C-41BA-A66D-2BE64EDFAF89}.Debug|Any CPU.Build.0 = Debug|Any CPU
		{2EAD7FEC-A53C-41BA-A66D-2BE64EDFAF89}.Release|Any CPU.ActiveCfg = Release|Any CPU
		{2EAD7FEC-A53C-41BA-A66D-2BE64EDFAF89}.Release|Any CPU.Build.0 = Release|Any CPU
		{F1D9CEEA-3ABD-41D1-9F5C-3DCC27830F0F}.Debug|Any CPU.ActiveCfg = Debug|Any CPU
		{F1D9CEEA-3ABD-41D1-9F5C-3DCC27830F0F}.Debug|Any CPU.Build.0 = Debug|Any CPU
		{F1D9CEEA-3ABD-41D1-9F5C-3DCC27830F0F}.Release|Any CPU.ActiveCfg = Release|Any CPU
		{F1D9CEEA-3ABD-41D1-9F5C-3DCC27830F0F}.Release|Any CPU.Build.0 = Release|Any CPU
	EndGlobalSection
	GlobalSection(SolutionProperties) = preSolution
		HideSolutionNode = FALSE
	EndGlobalSection
	GlobalSection(ExtensibilityGlobals) = postSolution
		SolutionGuid = {12882DBC-5A45-48A7-AF6B-C3F4E9398C09}
	EndGlobalSection
EndGlobal
